
Microsoft Visual Studio Solution File, Format Version 11.00
# Visual C# Express 2010
Project("{FAE04EC0-301F-11D3-BF4B-00C04F79EFBC}") = "RotaryEncoder", "RotaryEncoder\RotaryEncoder.csproj", "{46536FAC-63FA-4A6A-9E71-B46CBF0B5D27}"
EndProject
Global
	GlobalSection(SolutionConfigurationPlatforms) = preSolution
		Debug|Any CPU = Debug|Any CPU
		Release|Any CPU = Release|Any CPU
	EndGlobalSection
	GlobalSection(ProjectConfigurationPlatforms) = postSolution
		{46536FAC-63FA-4A6A-9E71-B46CBF0B5D27}.Debug|Any CPU.ActiveCfg = Debug|Any CPU
		{46536FAC-63FA-4A6A-9E71-B46CBF0B5D27}.Debug|Any CPU.Build.0 = Debug|Any CPU
		{46536FAC-63FA-4A6A-9E71-B46CBF0B5D27}.Debug|Any CPU.Deploy.0 = Debug|Any CPU
		{46536FAC-63FA-4A6A-9E71-B46CBF0B5D27}.Release|Any CPU.ActiveCfg = Release|Any CPU
		{46536FAC-63FA-4A6A-9E71-B46CBF0B5D27}.Release|Any CPU.Build.0 = Release|Any CPU
		{46536FAC-63FA-4A6A-9E71-B46CBF0B5D27}.Release|Any CPU.Deploy.0 = Release|Any CPU
	EndGlobalSection
	GlobalSection(SolutionProperties) = preSolution
		HideSolutionNode = FALSE
	EndGlobalSection
EndGlobal
